
Microsoft Visual Studio Solution File, Format Version 12.00
# Visual Studio Version 17
VisualStudioVersion = 17.8.35027.43
MinimumVisualStudioVersion = 10.0.40219.1
Project("{FAE04EC0-301F-11D3-BF4B-00C04F79EFBC}") = "CICDSelenium", "CICDSelenium.csproj", "{88EF3412-10A7-4D15-90FC-13B721BF6E03}"
EndProject
Project("{FAE04EC0-301F-11D3-BF4B-00C04F79EFBC}") = "UIPage", "..\UICore\UIPage.csproj", "{399A3259-C3BE-4173-9187-B95AF7434F22}"
EndProject
Global
	GlobalSection(SolutionConfigurationPlatforms) = preSolution
		Debug|Any CPU = Debug|Any CPU
		Release|Any CPU = Release|Any CPU
	EndGlobalSection
	GlobalSection(ProjectConfigurationPlatforms) = postSolution
		{88EF3412-10A7-4D15-90FC-13B721BF6E03}.Debug|Any CPU.ActiveCfg = Debug|Any CPU
		{88EF3412-10A7-4D15-90FC-13B721BF6E03}.Debug|Any CPU.Build.0 = Debug|Any CPU
		{88EF3412-10A7-4D15-90FC-13B721BF6E03}.Release|Any CPU.ActiveCfg = Release|Any CPU
		{88EF3412-10A7-4D15-90FC-13B721BF6E03}.Release|Any CPU.Build.0 = Release|Any CPU
		{399A3259-C3BE-4173-9187-B95AF7434F22}.Debug|Any CPU.ActiveCfg = Debug|Any CPU
		{399A3259-C3BE-4173-9187-B95AF7434F22}.Debug|Any CPU.Build.0 = Debug|Any CPU
		{399A3259-C3BE-4173-9187-B95AF7434F22}.Release|Any CPU.ActiveCfg = Release|Any CPU
		{399A3259-C3BE-4173-9187-B95AF7434F22}.Release|Any CPU.Build.0 = Release|Any CPU
	EndGlobalSection
	GlobalSection(SolutionProperties) = preSolution
		HideSolutionNode = FALSE
	EndGlobalSection
	GlobalSection(ExtensibilityGlobals) = postSolution
		SolutionGuid = {CF37A140-C080-4074-915A-F7466067A2BC}
	EndGlobalSection
EndGlobal
