
Microsoft Visual Studio Solution File, Format Version 12.00
# Visual Studio Version 17
VisualStudioVersion = 17.8.35027.43
MinimumVisualStudioVersion = 10.0.40219.1
Project("{9A19103F-16F7-4668-BE54-9A1E7A4F7556}") = "CICDSelenium", "CICDSelenium.csproj", "{88EF3412-10A7-4D15-90FC-13B721BF6E03}"
EndProject
Project("{FAE04EC0-301F-11D3-BF4B-00C04F79EFBC}") = "UIPages", "UIPages\UIPages.csproj", "{2AB3AF97-EAA8-48CB-886C-A2EC4F8B6494}"
EndProject
Global
	GlobalSection(SolutionConfigurationPlatforms) = preSolution
		Debug|Any CPU = Debug|Any CPU
		Release|Any CPU = Release|Any CPU
	EndGlobalSection
	GlobalSection(ProjectConfigurationPlatforms) = postSolution
		{88EF3412-10A7-4D15-90FC-13B721BF6E03}.Debug|Any CPU.ActiveCfg = Debug|Any CPU
		{88EF3412-10A7-4D15-90FC-13B721BF6E03}.Debug|Any CPU.Build.0 = Debug|Any CPU
		{88EF3412-10A7-4D15-90FC-13B721BF6E03}.Release|Any CPU.ActiveCfg = Release|Any CPU
		{88EF3412-10A7-4D15-90FC-13B721BF6E03}.Release|Any CPU.Build.0 = Release|Any CPU
		{2AB3AF97-EAA8-48CB-886C-A2EC4F8B6494}.Debug|Any CPU.ActiveCfg = Debug|Any CPU
		{2AB3AF97-EAA8-48CB-886C-A2EC4F8B6494}.Debug|Any CPU.Build.0 = Debug|Any CPU
		{2AB3AF97-EAA8-48CB-886C-A2EC4F8B6494}.Release|Any CPU.ActiveCfg = Release|Any CPU
		{2AB3AF97-EAA8-48CB-886C-A2EC4F8B6494}.Release|Any CPU.Build.0 = Release|Any CPU
	EndGlobalSection
	GlobalSection(SolutionProperties) = preSolution
		HideSolutionNode = FALSE
	EndGlobalSection
	GlobalSection(ExtensibilityGlobals) = postSolution
		SolutionGuid = {CF37A140-C080-4074-915A-F7466067A2BC}
	EndGlobalSection
EndGlobal
